
Microsoft Visual Studio Solution File, Format Version 12.00
# Visual Studio 15
VisualStudioVersion = 15.0.26430.16
MinimumVisualStudioVersion = 10.0.40219.1
Project("{FAE04EC0-301F-11D3-BF4B-00C04F79EFBC}") = "ConsoleApp1", "ConsoleApp1\ConsoleApp1.csproj", "{A0FB0D80-C9C8-4D12-BC0A-6C003F019628}"
EndProject
Project("{FAE04EC0-301F-11D3-BF4B-00C04F79EFBC}") = "Staticesim", "ConsoleApp2\Staticesim.csproj", "{AF16873D-DFFB-480F-BDF2-BCD2F5F5E914}"
EndProject
Project("{FAE04EC0-301F-11D3-BF4B-00C04F79EFBC}") = "Catesim", "ConsoleApp3\Catesim.csproj", "{937B6F4C-8CAB-461E-9906-E9462803BF68}"
EndProject
Project("{FAE04EC0-301F-11D3-BF4B-00C04F79EFBC}") = "PersonApplication", "ConsoleApp4\PersonApplication.csproj", "{D66BC495-AEB3-4108-A11E-C8675A90C34D}"
EndProject
Project("{FAE04EC0-301F-11D3-BF4B-00C04F79EFBC}") = "Animals", "Animals\Animals.csproj", "{817A90E7-FD0B-41D6-8F9E-AC5D922BE60D}"
EndProject
Project("{FAE04EC0-301F-11D3-BF4B-00C04F79EFBC}") = "Cars", "Cars\Cars.csproj", "{7A648B81-DDC9-4187-8735-85EF046FE220}"
EndProject
Project("{FAE04EC0-301F-11D3-BF4B-00C04F79EFBC}") = "DrawShapes", "DrawShapes\DrawShapes.csproj", "{CBF8DA2D-E7EC-4866-AAA4-C9F5A47F916F}"
EndProject
Project("{FAE04EC0-301F-11D3-BF4B-00C04F79EFBC}") = "UserTest", "UserTest\UserTest.csproj", "{1FF1C973-BB16-416D-BEA7-A41D90DB581D}"
EndProject
Project("{FAE04EC0-301F-11D3-BF4B-00C04F79EFBC}") = "Interfaces", "Interfaces\Interfaces.csproj", "{07B01692-35AF-4DED-B04F-82A515F5F467}"
EndProject
Project("{FAE04EC0-301F-11D3-BF4B-00C04F79EFBC}") = "InterfaceExample", "InterfaceExample\InterfaceExample.csproj", "{74CE5BFE-4CC8-4933-9C12-0C5E319EB619}"
EndProject
Project("{FAE04EC0-301F-11D3-BF4B-00C04F79EFBC}") = "Collections", "Collections\Collections.csproj", "{409201D1-05EB-4519-8714-5305B6C7B270}"
EndProject
Global
	GlobalSection(SolutionConfigurationPlatforms) = preSolution
		Debug|Any CPU = Debug|Any CPU
		Release|Any CPU = Release|Any CPU
	EndGlobalSection
	GlobalSection(ProjectConfigurationPlatforms) = postSolution
		{A0FB0D80-C9C8-4D12-BC0A-6C003F019628}.Debug|Any CPU.ActiveCfg = Debug|Any CPU
		{A0FB0D80-C9C8-4D12-BC0A-6C003F019628}.Debug|Any CPU.Build.0 = Debug|Any CPU
		{A0FB0D80-C9C8-4D12-BC0A-6C003F019628}.Release|Any CPU.ActiveCfg = Release|Any CPU
		{A0FB0D80-C9C8-4D12-BC0A-6C003F019628}.Release|Any CPU.Build.0 = Release|Any CPU
		{AF16873D-DFFB-480F-BDF2-BCD2F5F5E914}.Debug|Any CPU.ActiveCfg = Debug|Any CPU
		{AF16873D-DFFB-480F-BDF2-BCD2F5F5E914}.Debug|Any CPU.Build.0 = Debug|Any CPU
		{AF16873D-DFFB-480F-BDF2-BCD2F5F5E914}.Release|Any CPU.ActiveCfg = Release|Any CPU
		{AF16873D-DFFB-480F-BDF2-BCD2F5F5E914}.Release|Any CPU.Build.0 = Release|Any CPU
		{937B6F4C-8CAB-461E-9906-E9462803BF68}.Debug|Any CPU.ActiveCfg = Debug|Any CPU
		{937B6F4C-8CAB-461E-9906-E9462803BF68}.Debug|Any CPU.Build.0 = Debug|Any CPU
		{937B6F4C-8CAB-461E-9906-E9462803BF68}.Release|Any CPU.ActiveCfg = Release|Any CPU
		{937B6F4C-8CAB-461E-9906-E9462803BF68}.Release|Any CPU.Build.0 = Release|Any CPU
		{D66BC495-AEB3-4108-A11E-C8675A90C34D}.Debug|Any CPU.ActiveCfg = Debug|Any CPU
		{D66BC495-AEB3-4108-A11E-C8675A90C34D}.Debug|Any CPU.Build.0 = Debug|Any CPU
		{D66BC495-AEB3-4108-A11E-C8675A90C34D}.Release|Any CPU.ActiveCfg = Release|Any CPU
		{D66BC495-AEB3-4108-A11E-C8675A90C34D}.Release|Any CPU.Build.0 = Release|Any CPU
		{817A90E7-FD0B-41D6-8F9E-AC5D922BE60D}.Debug|Any CPU.ActiveCfg = Debug|Any CPU
		{817A90E7-FD0B-41D6-8F9E-AC5D922BE60D}.Debug|Any CPU.Build.0 = Debug|Any CPU
		{817A90E7-FD0B-41D6-8F9E-AC5D922BE60D}.Release|Any CPU.ActiveCfg = Release|Any CPU
		{817A90E7-FD0B-41D6-8F9E-AC5D922BE60D}.Release|Any CPU.Build.0 = Release|Any CPU
		{7A648B81-DDC9-4187-8735-85EF046FE220}.Debug|Any CPU.ActiveCfg = Debug|Any CPU
		{7A648B81-DDC9-4187-8735-85EF046FE220}.Debug|Any CPU.Build.0 = Debug|Any CPU
		{7A648B81-DDC9-4187-8735-85EF046FE220}.Release|Any CPU.ActiveCfg = Release|Any CPU
		{7A648B81-DDC9-4187-8735-85EF046FE220}.Release|Any CPU.Build.0 = Release|Any CPU
		{CBF8DA2D-E7EC-4866-AAA4-C9F5A47F916F}.Debug|Any CPU.ActiveCfg = Debug|Any CPU
		{CBF8DA2D-E7EC-4866-AAA4-C9F5A47F916F}.Debug|Any CPU.Build.0 = Debug|Any CPU
		{CBF8DA2D-E7EC-4866-AAA4-C9F5A47F916F}.Release|Any CPU.ActiveCfg = Release|Any CPU
		{CBF8DA2D-E7EC-4866-AAA4-C9F5A47F916F}.Release|Any CPU.Build.0 = Release|Any CPU
		{1FF1C973-BB16-416D-BEA7-A41D90DB581D}.Debug|Any CPU.ActiveCfg = Debug|Any CPU
		{1FF1C973-BB16-416D-BEA7-A41D90DB581D}.Debug|Any CPU.Build.0 = Debug|Any CPU
		{1FF1C973-BB16-416D-BEA7-A41D90DB581D}.Release|Any CPU.ActiveCfg = Release|Any CPU
		{1FF1C973-BB16-416D-BEA7-A41D90DB581D}.Release|Any CPU.Build.0 = Release|Any CPU
		{07B01692-35AF-4DED-B04F-82A515F5F467}.Debug|Any CPU.ActiveCfg = Debug|Any CPU
		{07B01692-35AF-4DED-B04F-82A515F5F467}.Debug|Any CPU.Build.0 = Debug|Any CPU
		{07B01692-35AF-4DED-B04F-82A515F5F467}.Release|Any CPU.ActiveCfg = Release|Any CPU
		{07B01692-35AF-4DED-B04F-82A515F5F467}.Release|Any CPU.Build.0 = Release|Any CPU
		{74CE5BFE-4CC8-4933-9C12-0C5E319EB619}.Debug|Any CPU.ActiveCfg = Debug|Any CPU
		{74CE5BFE-4CC8-4933-9C12-0C5E319EB619}.Debug|Any CPU.Build.0 = Debug|Any CPU
		{74CE5BFE-4CC8-4933-9C12-0C5E319EB619}.Release|Any CPU.ActiveCfg = Release|Any CPU
		{74CE5BFE-4CC8-4933-9C12-0C5E319EB619}.Release|Any CPU.Build.0 = Release|Any CPU
		{409201D1-05EB-4519-8714-5305B6C7B270}.Debug|Any CPU.ActiveCfg = Debug|Any CPU
		{409201D1-05EB-4519-8714-5305B6C7B270}.Debug|Any CPU.Build.0 = Debug|Any CPU
		{409201D1-05EB-4519-8714-5305B6C7B270}.Release|Any CPU.ActiveCfg = Release|Any CPU
		{409201D1-05EB-4519-8714-5305B6C7B270}.Release|Any CPU.Build.0 = Release|Any CPU
	EndGlobalSection
	GlobalSection(SolutionProperties) = preSolution
		HideSolutionNode = FALSE
	EndGlobalSection
EndGlobal
